
Microsoft Visual Studio Solution File, Format Version 12.00
# Visual Studio Version 16
VisualStudioVersion = 16.0.31112.23
MinimumVisualStudioVersion = 10.0.40219.1
Project("{9A19103F-16F7-4668-BE54-9A1E7A4F7556}") = "SinExecSQLQueryInfoField", "SinExecSQLQueryInfoField.csproj", "{881F0AFD-C634-4E3C-822B-C3DCAEB89A58}"
EndProject
Global
	GlobalSection(SolutionConfigurationPlatforms) = preSolution
		Debug|Any CPU = Debug|Any CPU
		Release|Any CPU = Release|Any CPU
	EndGlobalSection
	GlobalSection(ProjectConfigurationPlatforms) = postSolution
		{881F0AFD-C634-4E3C-822B-C3DCAEB89A58}.Debug|Any CPU.ActiveCfg = Debug|Any CPU
		{881F0AFD-C634-4E3C-822B-C3DCAEB89A58}.Debug|Any CPU.Build.0 = Debug|Any CPU
		{881F0AFD-C634-4E3C-822B-C3DCAEB89A58}.Release|Any CPU.ActiveCfg = Release|Any CPU
		{881F0AFD-C634-4E3C-822B-C3DCAEB89A58}.Release|Any CPU.Build.0 = Release|Any CPU
	EndGlobalSection
	GlobalSection(SolutionProperties) = preSolution
		HideSolutionNode = FALSE
	EndGlobalSection
	GlobalSection(ExtensibilityGlobals) = postSolution
		SolutionGuid = {C599AD83-8B4C-4E78-8293-B9371D63BBD5}
	EndGlobalSection
EndGlobal
